
Microsoft Visual Studio Solution File, Format Version 12.00
# Visual Studio 15
VisualStudioVersion = 15.0.28307.645
MinimumVisualStudioVersion = 10.0.40219.1
Project("{FAE04EC0-301F-11D3-BF4B-00C04F79EFBC}") = "EnglishWords", "EnglishWords\EnglishWords.csproj", "{AA2703B7-CEE3-49BC-96CD-815634278358}"
EndProject
Project("{FAE04EC0-301F-11D3-BF4B-00C04F79EFBC}") = "Common.WPF", "Common.WPF\Common.WPF.csproj", "{0D992BD6-4F92-47EF-99AD-2CF9263378B7}"
EndProject
Global
	GlobalSection(SolutionConfigurationPlatforms) = preSolution
		Debug|Any CPU = Debug|Any CPU
		Debug|x86 = Debug|x86
		Release|Any CPU = Release|Any CPU
		Release|x86 = Release|x86
	EndGlobalSection
	GlobalSection(ProjectConfigurationPlatforms) = postSolution
		{AA2703B7-CEE3-49BC-96CD-815634278358}.Debug|Any CPU.ActiveCfg = Debug|Any CPU
		{AA2703B7-CEE3-49BC-96CD-815634278358}.Debug|Any CPU.Build.0 = Debug|Any CPU
		{AA2703B7-CEE3-49BC-96CD-815634278358}.Debug|x86.ActiveCfg = Debug|Any CPU
		{AA2703B7-CEE3-49BC-96CD-815634278358}.Debug|x86.Build.0 = Debug|Any CPU
		{AA2703B7-CEE3-49BC-96CD-815634278358}.Release|Any CPU.ActiveCfg = Release|Any CPU
		{AA2703B7-CEE3-49BC-96CD-815634278358}.Release|Any CPU.Build.0 = Release|Any CPU
		{AA2703B7-CEE3-49BC-96CD-815634278358}.Release|x86.ActiveCfg = Release|Any CPU
		{AA2703B7-CEE3-49BC-96CD-815634278358}.Release|x86.Build.0 = Release|Any CPU
		{0D992BD6-4F92-47EF-99AD-2CF9263378B7}.Debug|Any CPU.ActiveCfg = Debug|Any CPU
		{0D992BD6-4F92-47EF-99AD-2CF9263378B7}.Debug|Any CPU.Build.0 = Debug|Any CPU
		{0D992BD6-4F92-47EF-99AD-2CF9263378B7}.Debug|x86.ActiveCfg = Debug|x86
		{0D992BD6-4F92-47EF-99AD-2CF9263378B7}.Debug|x86.Build.0 = Debug|x86
		{0D992BD6-4F92-47EF-99AD-2CF9263378B7}.Release|Any CPU.ActiveCfg = Release|Any CPU
		{0D992BD6-4F92-47EF-99AD-2CF9263378B7}.Release|Any CPU.Build.0 = Release|Any CPU
		{0D992BD6-4F92-47EF-99AD-2CF9263378B7}.Release|x86.ActiveCfg = Release|x86
		{0D992BD6-4F92-47EF-99AD-2CF9263378B7}.Release|x86.Build.0 = Release|x86
	EndGlobalSection
	GlobalSection(SolutionProperties) = preSolution
		HideSolutionNode = FALSE
	EndGlobalSection
	GlobalSection(ExtensibilityGlobals) = postSolution
		SolutionGuid = {06DE0C78-A394-42B4-9E7B-A291855A532F}
	EndGlobalSection
EndGlobal
